{
  "requires": true,
  "lockfileVersion": 1,
  "dependencies": {
    "@fullcalendar/common": {
      "version": "5.5.1",
      "resolved": "https://registry.npmjs.org/@fullcalendar/common/-/common-5.5.1.tgz",
      "integrity": "sha512-tfVlX4aBHxCDJAVkUm93FXScOhmdz6/vUy/ISfpNeRNYuUvhJbmjoH67DpGNdS3we2n6/dVte021TE4Bbo4uRA==",
      "requires": {
        "ical.js": "^1.4.0",
        "tslib": "^2.0.3"
      }
    },
    "@fullcalendar/daygrid": {
      "version": "5.5.0",
      "resolved": "https://registry.npmjs.org/@fullcalendar/daygrid/-/daygrid-5.5.0.tgz",
      "integrity": "sha512-O/59C3ihElLsPnkjlD1xUgAf3v7WEARXVO+wZfASKtK14Ccux2MA9mWUA1+80m9q8on7SYL36ORhrea7GKy/qQ==",
      "requires": {
        "@fullcalendar/common": "~5.5.0",
        "tslib": "^2.0.3"
      }
    },
    "@fullcalendar/react": {
      "version": "5.5.0",
      "resolved": "https://registry.npmjs.org/@fullcalendar/react/-/react-5.5.0.tgz",
      "integrity": "sha512-ss109y/kYIb9mwmE9dZc5c2o5I4CoqREDqLNAur83CGC5NvCH8gRzZXEilZz1E6ORuziBEYkPPtREn7Mp+6lYg==",
      "requires": {
        "@fullcalendar/common": "~5.5.0",
        "tslib": "^2.0.3"
      }
    },
    "ical.js": {
      "version": "1.4.0",
      "resolved": "https://registry.npmjs.org/ical.js/-/ical.js-1.4.0.tgz",
      "integrity": "sha512-ltHZuOFNNjcyEYbzDgjemS7LWIFh2vydJeznxQHUh3dnarbxqOYsWONYteBVAq1MEOHnwXFGN2eskZReHclnrA=="
    },
    "tslib": {
      "version": "2.1.0",
      "resolved": "https://registry.npmjs.org/tslib/-/tslib-2.1.0.tgz",
      "integrity": "sha512-hcVC3wYEziELGGmEEXue7D75zbwIIVUMWAVbHItGPx0ziyXxrOMQx4rQEVEV45Ut/1IotuEvwqPopzIOkDMf0A=="
    }
  }
}
